
Microsoft Visual Studio Solution File, Format Version 12.00
# Visual Studio Version 17
VisualStudioVersion = 17.7.34031.279
MinimumVisualStudioVersion = 10.0.40219.1
Project("{FAE04EC0-301F-11D3-BF4B-00C04F79EFBC}") = "Workaround", "Workaround\Workaround.csproj", "{65D7A84C-3B48-418C-AE9A-FC583F919FFF}"
EndProject
Project("{FAE04EC0-301F-11D3-BF4B-00C04F79EFBC}") = "Entities", "Entities\Entities.csproj", "{24B91BAE-80C3-42C2-AA88-B367A7289263}"
EndProject
Project("{FAE04EC0-301F-11D3-BF4B-00C04F79EFBC}") = "Business", "Business\Business.csproj", "{77B1EB35-393E-4591-8EAA-F1C788E33D3E}"
EndProject
Global
	GlobalSection(SolutionConfigurationPlatforms) = preSolution
		Debug|Any CPU = Debug|Any CPU
		Release|Any CPU = Release|Any CPU
	EndGlobalSection
	GlobalSection(ProjectConfigurationPlatforms) = postSolution
		{65D7A84C-3B48-418C-AE9A-FC583F919FFF}.Debug|Any CPU.ActiveCfg = Debug|Any CPU
		{65D7A84C-3B48-418C-AE9A-FC583F919FFF}.Debug|Any CPU.Build.0 = Debug|Any CPU
		{65D7A84C-3B48-418C-AE9A-FC583F919FFF}.Release|Any CPU.ActiveCfg = Release|Any CPU
		{65D7A84C-3B48-418C-AE9A-FC583F919FFF}.Release|Any CPU.Build.0 = Release|Any CPU
		{24B91BAE-80C3-42C2-AA88-B367A7289263}.Debug|Any CPU.ActiveCfg = Debug|Any CPU
		{24B91BAE-80C3-42C2-AA88-B367A7289263}.Debug|Any CPU.Build.0 = Debug|Any CPU
		{24B91BAE-80C3-42C2-AA88-B367A7289263}.Release|Any CPU.ActiveCfg = Release|Any CPU
		{24B91BAE-80C3-42C2-AA88-B367A7289263}.Release|Any CPU.Build.0 = Release|Any CPU
		{77B1EB35-393E-4591-8EAA-F1C788E33D3E}.Debug|Any CPU.ActiveCfg = Debug|Any CPU
		{77B1EB35-393E-4591-8EAA-F1C788E33D3E}.Debug|Any CPU.Build.0 = Debug|Any CPU
		{77B1EB35-393E-4591-8EAA-F1C788E33D3E}.Release|Any CPU.ActiveCfg = Release|Any CPU
		{77B1EB35-393E-4591-8EAA-F1C788E33D3E}.Release|Any CPU.Build.0 = Release|Any CPU
	EndGlobalSection
	GlobalSection(SolutionProperties) = preSolution
		HideSolutionNode = FALSE
	EndGlobalSection
	GlobalSection(ExtensibilityGlobals) = postSolution
		SolutionGuid = {33303AE7-09A6-410B-BCC8-8B099CC70497}
	EndGlobalSection
EndGlobal
